
Microsoft Visual Studio Solution File, Format Version 12.00
# Visual Studio Version 16
VisualStudioVersion = 16.0.29326.143
MinimumVisualStudioVersion = 10.0.40219.1
Project("{888888A0-9F3D-457C-B088-3A5042F75D52}") = "Permutasyon", "Permutasyon\Permutasyon.pyproj", "{59FEF6DF-2CE7-4931-9886-71D586C1ECDE}"
EndProject
Global
	GlobalSection(SolutionConfigurationPlatforms) = preSolution
		Debug|Any CPU = Debug|Any CPU
		Release|Any CPU = Release|Any CPU
	EndGlobalSection
	GlobalSection(ProjectConfigurationPlatforms) = postSolution
		{59FEF6DF-2CE7-4931-9886-71D586C1ECDE}.Debug|Any CPU.ActiveCfg = Debug|Any CPU
		{59FEF6DF-2CE7-4931-9886-71D586C1ECDE}.Release|Any CPU.ActiveCfg = Release|Any CPU
	EndGlobalSection
	GlobalSection(SolutionProperties) = preSolution
		HideSolutionNode = FALSE
	EndGlobalSection
	GlobalSection(ExtensibilityGlobals) = postSolution
		SolutionGuid = {8F802A74-0C5F-4685-A9F8-BD3339FE750A}
	EndGlobalSection
EndGlobal
